
Microsoft Visual Studio Solution File, Format Version 12.00
# Visual Studio 15
VisualStudioVersion = 15.0.28307.902
MinimumVisualStudioVersion = 10.0.40219.1
Project("{FAE04EC0-301F-11D3-BF4B-00C04F79EFBC}") = "TrackJobAPI", "TrackJobAPI\TrackJobAPI.csproj", "{1344EE53-BF98-476E-9608-5F8EC3421103}"
EndProject
Global
	GlobalSection(SolutionConfigurationPlatforms) = preSolution
		Debug|Any CPU = Debug|Any CPU
		Release|Any CPU = Release|Any CPU
	EndGlobalSection
	GlobalSection(ProjectConfigurationPlatforms) = postSolution
		{1344EE53-BF98-476E-9608-5F8EC3421103}.Debug|Any CPU.ActiveCfg = Debug|Any CPU
		{1344EE53-BF98-476E-9608-5F8EC3421103}.Debug|Any CPU.Build.0 = Debug|Any CPU
		{1344EE53-BF98-476E-9608-5F8EC3421103}.Release|Any CPU.ActiveCfg = Release|Any CPU
		{1344EE53-BF98-476E-9608-5F8EC3421103}.Release|Any CPU.Build.0 = Release|Any CPU
	EndGlobalSection
	GlobalSection(SolutionProperties) = preSolution
		HideSolutionNode = FALSE
	EndGlobalSection
	GlobalSection(ExtensibilityGlobals) = postSolution
		SolutionGuid = {AEBF06D1-A6EC-4CD3-B61A-9468BF4C0F1D}
	EndGlobalSection
EndGlobal
